
Microsoft Visual Studio Solution File, Format Version 12.00
# Visual Studio 15
VisualStudioVersion = 15.0.28010.2016
MinimumVisualStudioVersion = 10.0.40219.1
Project("{FAE04EC0-301F-11D3-BF4B-00C04F79EFBC}") = "git1", "git1\git1.csproj", "{E074EB85-ABAE-43A5-8E29-23455152C217}"
EndProject
Global
	GlobalSection(SolutionConfigurationPlatforms) = preSolution
		Debug|Any CPU = Debug|Any CPU
		Release|Any CPU = Release|Any CPU
	EndGlobalSection
	GlobalSection(ProjectConfigurationPlatforms) = postSolution
		{E074EB85-ABAE-43A5-8E29-23455152C217}.Debug|Any CPU.ActiveCfg = Debug|Any CPU
		{E074EB85-ABAE-43A5-8E29-23455152C217}.Debug|Any CPU.Build.0 = Debug|Any CPU
		{E074EB85-ABAE-43A5-8E29-23455152C217}.Release|Any CPU.ActiveCfg = Release|Any CPU
		{E074EB85-ABAE-43A5-8E29-23455152C217}.Release|Any CPU.Build.0 = Release|Any CPU
	EndGlobalSection
	GlobalSection(SolutionProperties) = preSolution
		HideSolutionNode = FALSE
	EndGlobalSection
	GlobalSection(ExtensibilityGlobals) = postSolution
		SolutionGuid = {4D4FA079-1AFF-443E-98C7-4D3E2C477241}
	EndGlobalSection
EndGlobal
